# This file is automatically @generated by Cargo.
# It is not intended for manual editing.
version = 3

[[package]]
name = "flagset"
version = "0.4.4"
source = "registry+https://github.com/rust-lang/crates.io-index"
checksum = "d52a7e408202050813e6f1d9addadcaafef3dca7530c7ddfb005d4081cce6779"

[[package]]
name = "reader"
version = "0.1.0"
dependencies = [
 "flagset",
]
